
Microsoft Visual Studio Solution File, Format Version 12.00
# Visual Studio Version 17
VisualStudioVersion = 17.5.33516.290
MinimumVisualStudioVersion = 10.0.40219.1
Project("{FAE04EC0-301F-11D3-BF4B-00C04F79EFBC}") = "Store.Domain", "Store.Domain\Store.Domain.csproj", "{7AF97F8C-A9D9-4819-BE05-8288A2CB8B83}"
EndProject
Project("{FAE04EC0-301F-11D3-BF4B-00C04F79EFBC}") = "Store.Infra", "Store.Infra\Store.Infra.csproj", "{157745DD-A4C2-4BC8-8539-E50A0274AFD8}"
EndProject
Project("{FAE04EC0-301F-11D3-BF4B-00C04F79EFBC}") = "Store.Tests", "Store.Tests\Store.Tests.csproj", "{72D17A24-F9D0-4071-95C8-6D09D9D5E85F}"
EndProject
Project("{FAE04EC0-301F-11D3-BF4B-00C04F79EFBC}") = "Store.Api", "Store.Api\Store.Api.csproj", "{11A14761-20B0-4653-B5B2-BA8F6D7D3486}"
EndProject
Global
	GlobalSection(SolutionConfigurationPlatforms) = preSolution
		Debug|Any CPU = Debug|Any CPU
		Release|Any CPU = Release|Any CPU
	EndGlobalSection
	GlobalSection(ProjectConfigurationPlatforms) = postSolution
		{7AF97F8C-A9D9-4819-BE05-8288A2CB8B83}.Debug|Any CPU.ActiveCfg = Debug|Any CPU
		{7AF97F8C-A9D9-4819-BE05-8288A2CB8B83}.Debug|Any CPU.Build.0 = Debug|Any CPU
		{7AF97F8C-A9D9-4819-BE05-8288A2CB8B83}.Release|Any CPU.ActiveCfg = Release|Any CPU
		{7AF97F8C-A9D9-4819-BE05-8288A2CB8B83}.Release|Any CPU.Build.0 = Release|Any CPU
		{157745DD-A4C2-4BC8-8539-E50A0274AFD8}.Debug|Any CPU.ActiveCfg = Debug|Any CPU
		{157745DD-A4C2-4BC8-8539-E50A0274AFD8}.Debug|Any CPU.Build.0 = Debug|Any CPU
		{157745DD-A4C2-4BC8-8539-E50A0274AFD8}.Release|Any CPU.ActiveCfg = Release|Any CPU
		{157745DD-A4C2-4BC8-8539-E50A0274AFD8}.Release|Any CPU.Build.0 = Release|Any CPU
		{72D17A24-F9D0-4071-95C8-6D09D9D5E85F}.Debug|Any CPU.ActiveCfg = Debug|Any CPU
		{72D17A24-F9D0-4071-95C8-6D09D9D5E85F}.Debug|Any CPU.Build.0 = Debug|Any CPU
		{72D17A24-F9D0-4071-95C8-6D09D9D5E85F}.Release|Any CPU.ActiveCfg = Release|Any CPU
		{72D17A24-F9D0-4071-95C8-6D09D9D5E85F}.Release|Any CPU.Build.0 = Release|Any CPU
		{11A14761-20B0-4653-B5B2-BA8F6D7D3486}.Debug|Any CPU.ActiveCfg = Debug|Any CPU
		{11A14761-20B0-4653-B5B2-BA8F6D7D3486}.Debug|Any CPU.Build.0 = Debug|Any CPU
		{11A14761-20B0-4653-B5B2-BA8F6D7D3486}.Release|Any CPU.ActiveCfg = Release|Any CPU
		{11A14761-20B0-4653-B5B2-BA8F6D7D3486}.Release|Any CPU.Build.0 = Release|Any CPU
	EndGlobalSection
	GlobalSection(SolutionProperties) = preSolution
		HideSolutionNode = FALSE
	EndGlobalSection
	GlobalSection(ExtensibilityGlobals) = postSolution
		SolutionGuid = {6AE7DAC4-2E07-40CF-BA5F-F73128ACB904}
	EndGlobalSection
EndGlobal
